schema: '2.0'
stages:
  clean:
    cmd: uv run python scripts/clean.py
    deps:
    - path: data/raw/events.csv
      hash: md5
      md5: 431ff8b1e99f6c5ac0a423d9e37ac2a9
      size: 73240
    - path: scripts/clean.py
      hash: md5
      md5: 2c2ded1bd827ac3d1ea55f9df8868993
      size: 952
    outs:
    - path: data/clean/events.csv
      hash: md5
      md5: d68624da38a8a00fa9be914be8aa644d
      size: 65863
  transform:
    cmd: uv run python scripts/transform.py
    deps:
    - path: data/clean/events.csv
      hash: md5
      md5: d68624da38a8a00fa9be914be8aa644d
      size: 65863
    - path: scripts/transform.py
      hash: md5
      md5: be2af19ef340d3f556c36ddc815fe2ee
      size: 477
    outs:
    - path: data/transformed/events.csv
      hash: md5
      md5: ffddaca1daf526b6cede597d6f23ca77
      size: 83600
  features:
    cmd: uv run python scripts/features.py
    deps:
    - path: data/transformed/events.csv
      hash: md5
      md5: ffddaca1daf526b6cede597d6f23ca77
      size: 83600
    - path: scripts/features.py
      hash: md5
      md5: 7c7689140c28e01f302bbfc2ebb7a564
      size: 572
    outs:
    - path: data/features/events.csv
      hash: md5
      md5: 3a4b562c4d9726499d8e997ef5ba55e5
      size: 119622
