schema: '2.0'
stages:
  clean:
    cmd: uv run python scripts/clean.py
    deps:
    - path: data/raw/events.csv
      hash: md5
      md5: 431ff8b1e99f6c5ac0a423d9e37ac2a9
      size: 73240
    - path: scripts/clean.py
      hash: md5
      md5: 0cc32203cbb4b402f38c9ac4d0e7df25
      size: 1290
    outs:
    - path: data/clean/events.csv
      hash: md5
      md5: dc81b04e11442988e41c5d10e6e7d557
      size: 12450
  transform:
    cmd: uv run python scripts/transform.py
    deps:
    - path: data/clean/events.csv
      hash: md5
      md5: dc81b04e11442988e41c5d10e6e7d557
      size: 12450
    - path: scripts/transform.py
      hash: md5
      md5: be2af19ef340d3f556c36ddc815fe2ee
      size: 477
    outs:
    - path: data/transformed/events.csv
      hash: md5
      md5: 4ab60ed29645eb634411b7ec6c1c038c
      size: 16151
  features:
    cmd: uv run python scripts/features.py
    deps:
    - path: data/transformed/events.csv
      hash: md5
      md5: 4ab60ed29645eb634411b7ec6c1c038c
      size: 16151
    - path: scripts/features.py
      hash: md5
      md5: 7c7689140c28e01f302bbfc2ebb7a564
      size: 572
    outs:
    - path: data/features/events.csv
      hash: md5
      md5: f4167dd057849b6653a2138d6e03eb56
      size: 23736
