schema: '2.0'
stages:
  clean:
    cmd: uv run python scripts/clean.py
    deps:
    - path: data/raw/events.csv
      hash: md5
      md5: 431ff8b1e99f6c5ac0a423d9e37ac2a9
      size: 73240
    - path: scripts/clean.py
      hash: md5
      md5: de915635ba400d5be217ea9e965ff0c0
      size: 1109
    outs:
    - path: data/clean/events.csv
      hash: md5
      md5: dc81b04e11442988e41c5d10e6e7d557
      size: 12450
  transform:
    cmd: uv run python scripts/transform.py
    deps:
    - path: data/clean/events.csv
      hash: md5
      md5: dc81b04e11442988e41c5d10e6e7d557
      size: 12450
    - path: scripts/transform.py
      hash: md5
      md5: e4d4ad4a8d4b3b06aeba46659a98b7aa
      size: 502
    outs:
    - path: data/transformed/events.csv
      hash: md5
      md5: 8dd5c35f10bf4d85ab9cff653c556b27
      size: 16151
  features:
    cmd: uv run python scripts/features.py
    deps:
    - path: data/transformed/events.csv
      hash: md5
      md5: 8dd5c35f10bf4d85ab9cff653c556b27
      size: 16151
    - path: scripts/features.py
      hash: md5
      md5: 4e4470bc652e53386637602529d1bf9b
      size: 581
    outs:
    - path: data/features/events.csv
      hash: md5
      md5: 2998d79e6f012d9e7c2e63e2dd9abab3
      size: 23736
